
Microsoft Visual Studio Solution File, Format Version 12.00
# Visual Studio Version 16
VisualStudioVersion = 16.0.30804.86
MinimumVisualStudioVersion = 10.0.40219.1
Project("{2150E333-8FDC-42A3-9474-1A3956D46DE8}") = "src", "src", "{DBB36C28-6CB9-4A39-82FA-0E469015F1FA}"
EndProject
Project("{2150E333-8FDC-42A3-9474-1A3956D46DE8}") = "tests", "tests", "{CD3B90DE-9547-447D-A441-87CDD0E4CDC3}"
EndProject
Project("{FAE04EC0-301F-11D3-BF4B-00C04F79EFBC}") = "Kanbersky.EventStore.Core", "src\Kanbersky.EventStore.Core\Kanbersky.EventStore.Core.csproj", "{51E30E1F-E1FE-43EB-8A77-EDDBF2CF9204}"
EndProject
Project("{FAE04EC0-301F-11D3-BF4B-00C04F79EFBC}") = "Kanbersky.EventStore.Infrastructure", "src\Kanbersky.EventStore.Infrastructure\Kanbersky.EventStore.Infrastructure.csproj", "{5239BFE7-14A9-497C-B037-FFACC9156259}"
EndProject
Project("{FAE04EC0-301F-11D3-BF4B-00C04F79EFBC}") = "Kanbersky.EventStore.Services", "src\Kanbersky.EventStore.Services\Kanbersky.EventStore.Services.csproj", "{026EAD4A-EF4F-4EF6-8CC3-8BD2DFE0B5B5}"
EndProject
Project("{2150E333-8FDC-42A3-9474-1A3956D46DE8}") = "compose", "compose", "{51B44B61-E86D-4B9C-9A46-DE460E20BC46}"
EndProject
Project("{FAE04EC0-301F-11D3-BF4B-00C04F79EFBC}") = "Kanbersky.EventStore.Tests", "tests\Kanbersky.EventStore.Tests\Kanbersky.EventStore.Tests.csproj", "{6C787125-34BC-40FE-8E69-6EA62A9C010B}"
EndProject
Project("{FAE04EC0-301F-11D3-BF4B-00C04F79EFBC}") = "Kanbersky.EventStore.Domain", "src\Kanbersky.EventStore.Domain\Kanbersky.EventStore.Domain.csproj", "{9EE2FD3A-6D6B-482C-8213-D4DB15D4109D}"
EndProject
Project("{FAE04EC0-301F-11D3-BF4B-00C04F79EFBC}") = "Kanbersky.EventStore.Api", "src\Kanbersky.EventStore.Api\Kanbersky.EventStore.Api.csproj", "{4A961C50-0E90-4BFE-972A-CD9482FA8E52}"
EndProject
Global
	GlobalSection(SolutionConfigurationPlatforms) = preSolution
		Debug|Any CPU = Debug|Any CPU
		Release|Any CPU = Release|Any CPU
	EndGlobalSection
	GlobalSection(ProjectConfigurationPlatforms) = postSolution
		{51E30E1F-E1FE-43EB-8A77-EDDBF2CF9204}.Debug|Any CPU.ActiveCfg = Debug|Any CPU
		{51E30E1F-E1FE-43EB-8A77-EDDBF2CF9204}.Debug|Any CPU.Build.0 = Debug|Any CPU
		{51E30E1F-E1FE-43EB-8A77-EDDBF2CF9204}.Release|Any CPU.ActiveCfg = Release|Any CPU
		{51E30E1F-E1FE-43EB-8A77-EDDBF2CF9204}.Release|Any CPU.Build.0 = Release|Any CPU
		{5239BFE7-14A9-497C-B037-FFACC9156259}.Debug|Any CPU.ActiveCfg = Debug|Any CPU
		{5239BFE7-14A9-497C-B037-FFACC9156259}.Debug|Any CPU.Build.0 = Debug|Any CPU
		{5239BFE7-14A9-497C-B037-FFACC9156259}.Release|Any CPU.ActiveCfg = Release|Any CPU
		{5239BFE7-14A9-497C-B037-FFACC9156259}.Release|Any CPU.Build.0 = Release|Any CPU
		{026EAD4A-EF4F-4EF6-8CC3-8BD2DFE0B5B5}.Debug|Any CPU.ActiveCfg = Debug|Any CPU
		{026EAD4A-EF4F-4EF6-8CC3-8BD2DFE0B5B5}.Debug|Any CPU.Build.0 = Debug|Any CPU
		{026EAD4A-EF4F-4EF6-8CC3-8BD2DFE0B5B5}.Release|Any CPU.ActiveCfg = Release|Any CPU
		{026EAD4A-EF4F-4EF6-8CC3-8BD2DFE0B5B5}.Release|Any CPU.Build.0 = Release|Any CPU
		{6C787125-34BC-40FE-8E69-6EA62A9C010B}.Debug|Any CPU.ActiveCfg = Debug|Any CPU
		{6C787125-34BC-40FE-8E69-6EA62A9C010B}.Debug|Any CPU.Build.0 = Debug|Any CPU
		{6C787125-34BC-40FE-8E69-6EA62A9C010B}.Release|Any CPU.ActiveCfg = Release|Any CPU
		{6C787125-34BC-40FE-8E69-6EA62A9C010B}.Release|Any CPU.Build.0 = Release|Any CPU
		{9EE2FD3A-6D6B-482C-8213-D4DB15D4109D}.Debug|Any CPU.ActiveCfg = Debug|Any CPU
		{9EE2FD3A-6D6B-482C-8213-D4DB15D4109D}.Debug|Any CPU.Build.0 = Debug|Any CPU
		{9EE2FD3A-6D6B-482C-8213-D4DB15D4109D}.Release|Any CPU.ActiveCfg = Release|Any CPU
		{9EE2FD3A-6D6B-482C-8213-D4DB15D4109D}.Release|Any CPU.Build.0 = Release|Any CPU
		{4A961C50-0E90-4BFE-972A-CD9482FA8E52}.Debug|Any CPU.ActiveCfg = Debug|Any CPU
		{4A961C50-0E90-4BFE-972A-CD9482FA8E52}.Debug|Any CPU.Build.0 = Debug|Any CPU
		{4A961C50-0E90-4BFE-972A-CD9482FA8E52}.Release|Any CPU.ActiveCfg = Release|Any CPU
		{4A961C50-0E90-4BFE-972A-CD9482FA8E52}.Release|Any CPU.Build.0 = Release|Any CPU
	EndGlobalSection
	GlobalSection(SolutionProperties) = preSolution
		HideSolutionNode = FALSE
	EndGlobalSection
	GlobalSection(NestedProjects) = preSolution
		{51E30E1F-E1FE-43EB-8A77-EDDBF2CF9204} = {DBB36C28-6CB9-4A39-82FA-0E469015F1FA}
		{5239BFE7-14A9-497C-B037-FFACC9156259} = {DBB36C28-6CB9-4A39-82FA-0E469015F1FA}
		{026EAD4A-EF4F-4EF6-8CC3-8BD2DFE0B5B5} = {DBB36C28-6CB9-4A39-82FA-0E469015F1FA}
		{6C787125-34BC-40FE-8E69-6EA62A9C010B} = {CD3B90DE-9547-447D-A441-87CDD0E4CDC3}
		{9EE2FD3A-6D6B-482C-8213-D4DB15D4109D} = {DBB36C28-6CB9-4A39-82FA-0E469015F1FA}
		{4A961C50-0E90-4BFE-972A-CD9482FA8E52} = {DBB36C28-6CB9-4A39-82FA-0E469015F1FA}
	EndGlobalSection
	GlobalSection(ExtensibilityGlobals) = postSolution
		SolutionGuid = {FBD3C52B-8F2B-4D61-97F8-C529AD2436BE}
	EndGlobalSection
EndGlobal
